
Microsoft Visual Studio Solution File, Format Version 12.00
# Visual Studio 2013
VisualStudioVersion = 12.0.30501.0
MinimumVisualStudioVersion = 10.0.40219.1
Project("{FAE04EC0-301F-11D3-BF4B-00C04F79EFBC}") = "Hariolis.Web.UI", "Hariolis.Web.UI\Hariolis.Web.UI.csproj", "{72AE4772-B87C-4D18-80FD-092F30539000}"
EndProject
Project("{FAE04EC0-301F-11D3-BF4B-00C04F79EFBC}") = "Hariolis.Web.UI.Tests", "Hariolis.Web.UI.Tests\Hariolis.Web.UI.Tests.csproj", "{DBF077E0-FC64-425E-B2EF-C60ACC1DDEF7}"
EndProject
Global
	GlobalSection(SolutionConfigurationPlatforms) = preSolution
		Debug|Any CPU = Debug|Any CPU
		Release|Any CPU = Release|Any CPU
	EndGlobalSection
	GlobalSection(ProjectConfigurationPlatforms) = postSolution
		{72AE4772-B87C-4D18-80FD-092F30539000}.Debug|Any CPU.ActiveCfg = Debug|Any CPU
		{72AE4772-B87C-4D18-80FD-092F30539000}.Debug|Any CPU.Build.0 = Debug|Any CPU
		{72AE4772-B87C-4D18-80FD-092F30539000}.Release|Any CPU.ActiveCfg = Release|Any CPU
		{72AE4772-B87C-4D18-80FD-092F30539000}.Release|Any CPU.Build.0 = Release|Any CPU
		{DBF077E0-FC64-425E-B2EF-C60ACC1DDEF7}.Debug|Any CPU.ActiveCfg = Debug|Any CPU
		{DBF077E0-FC64-425E-B2EF-C60ACC1DDEF7}.Debug|Any CPU.Build.0 = Debug|Any CPU
		{DBF077E0-FC64-425E-B2EF-C60ACC1DDEF7}.Release|Any CPU.ActiveCfg = Release|Any CPU
		{DBF077E0-FC64-425E-B2EF-C60ACC1DDEF7}.Release|Any CPU.Build.0 = Release|Any CPU
	EndGlobalSection
	GlobalSection(SolutionProperties) = preSolution
		HideSolutionNode = FALSE
	EndGlobalSection
EndGlobal
